
Microsoft Visual Studio Solution File, Format Version 12.00
# Visual Studio 15
VisualStudioVersion = 15.0.28307.960
MinimumVisualStudioVersion = 10.0.40219.1
Project("{FAE04EC0-301F-11D3-BF4B-00C04F79EFBC}") = "RastreoPaquetes", "RastreoPaquetes.csproj", "{F7896AF0-9A9E-4665-B41C-ED940B56B92D}"
EndProject
Project("{FAE04EC0-301F-11D3-BF4B-00C04F79EFBC}") = "RastreoPaquetesTests", "..\RastreoPaquetesTests\RastreoPaquetesTests.csproj", "{529A7680-5E2D-4271-927C-66166A6EBC6F}"
EndProject
Global
	GlobalSection(SolutionConfigurationPlatforms) = preSolution
		Debug|Any CPU = Debug|Any CPU
		Release|Any CPU = Release|Any CPU
	EndGlobalSection
	GlobalSection(ProjectConfigurationPlatforms) = postSolution
		{F7896AF0-9A9E-4665-B41C-ED940B56B92D}.Debug|Any CPU.ActiveCfg = Debug|Any CPU
		{F7896AF0-9A9E-4665-B41C-ED940B56B92D}.Debug|Any CPU.Build.0 = Debug|Any CPU
		{F7896AF0-9A9E-4665-B41C-ED940B56B92D}.Release|Any CPU.ActiveCfg = Release|Any CPU
		{F7896AF0-9A9E-4665-B41C-ED940B56B92D}.Release|Any CPU.Build.0 = Release|Any CPU
		{529A7680-5E2D-4271-927C-66166A6EBC6F}.Debug|Any CPU.ActiveCfg = Debug|Any CPU
		{529A7680-5E2D-4271-927C-66166A6EBC6F}.Debug|Any CPU.Build.0 = Debug|Any CPU
		{529A7680-5E2D-4271-927C-66166A6EBC6F}.Release|Any CPU.ActiveCfg = Release|Any CPU
		{529A7680-5E2D-4271-927C-66166A6EBC6F}.Release|Any CPU.Build.0 = Release|Any CPU
	EndGlobalSection
	GlobalSection(SolutionProperties) = preSolution
		HideSolutionNode = FALSE
	EndGlobalSection
	GlobalSection(ExtensibilityGlobals) = postSolution
		SolutionGuid = {C0223D04-8D4E-4E95-9259-795B2EE28A35}
	EndGlobalSection
EndGlobal
